
Microsoft Visual Studio Solution File, Format Version 12.00
# Visual Studio 15
VisualStudioVersion = 15.0.28307.1525
MinimumVisualStudioVersion = 10.0.40219.1
Project("{FAE04EC0-301F-11D3-BF4B-00C04F79EFBC}") = "fix_windaq", "fix_windaq\fix_windaq.csproj", "{C2E3E936-AE9D-4880-BFA5-29898C42B54C}"
EndProject
Global
	GlobalSection(SolutionConfigurationPlatforms) = preSolution
		Debug|Any CPU = Debug|Any CPU
		Release|Any CPU = Release|Any CPU
	EndGlobalSection
	GlobalSection(ProjectConfigurationPlatforms) = postSolution
		{C2E3E936-AE9D-4880-BFA5-29898C42B54C}.Debug|Any CPU.ActiveCfg = Debug|Any CPU
		{C2E3E936-AE9D-4880-BFA5-29898C42B54C}.Debug|Any CPU.Build.0 = Debug|Any CPU
		{C2E3E936-AE9D-4880-BFA5-29898C42B54C}.Release|Any CPU.ActiveCfg = Release|Any CPU
		{C2E3E936-AE9D-4880-BFA5-29898C42B54C}.Release|Any CPU.Build.0 = Release|Any CPU
	EndGlobalSection
	GlobalSection(SolutionProperties) = preSolution
		HideSolutionNode = FALSE
	EndGlobalSection
	GlobalSection(ExtensibilityGlobals) = postSolution
		SolutionGuid = {CCD4C52C-A1A9-4205-8131-2C1C27131F71}
	EndGlobalSection
EndGlobal
